PODS:
  - DBDebugToolkit (0.8.0)
  - Kingfisher (7.6.2)
  - R.swift (7.3.0)
  - SideMenuSwift (2.0.9)
  - SVProgressHUD (2.2.5)
  - SwiftEntryKit (2.0.0)
  - SwiftLint (0.51.0)

DEPENDENCIES:
  - DBDebugToolkit (~> 0.8.0)
  - Kingfisher
  - R.swift
  - SideMenuSwift
  - SVProgressHUD (~> 2.2)
  - SwiftEntryKit
  - SwiftLint

SPEC REPOS:
  trunk:
    - DBDebugToolkit
    - Kingfisher
    - R.swift
    - SideMenuSwift
    - SVProgressHUD
    - SwiftEntryKit
    - SwiftLint

SPEC CHECKSUMS:
  DBDebugToolkit: 53481af73b1c1249d341bc33a9aa69d32ce5e24b
  Kingfisher: 6c5449c6450c5239166510ba04afe374a98afc4f
  R.swift: cef1c530541cb49412752721797f10dae6b32d11
  SideMenuSwift: 39f1922e225da4aaa8b16591037a929defe960c9
  SVProgressHUD: 1428aafac632c1f86f62aa4243ec12008d7a51d6
  SwiftEntryKit: 61b5fa36f34a97dd8013e48a7345bc4c4720be9a
  SwiftLint: 1b7561918a19e23bfed960e40759086e70f4dba5

PODFILE CHECKSUM: b5e14ab36596995c9fd387ca9fecb40e185886d5

COCOAPODS: 1.11.3
