PODS:
  - Alamofire (5.6.2)
  - DBDebugToolkit (0.9.0)
  - Kingfisher (5.10.1):
    - Kingfisher/Core (= 5.10.1)
  - Kingfisher/Core (5.10.1)
  - R.swift (6.1.0):
    - R.swift.Library (~> 5.3.0)
  - R.swift.Library (5.3.0)
  - SVProgressHUD (2.2.5)
  - SwiftEntryKit (2.0.0)
  - SwiftLint (0.37.0)

DEPENDENCIES:
  - Alamofire
  - DBDebugToolkit
  - Kingfisher
  - R.swift
  - SVProgressHUD (~> 2.2)
  - SwiftEntryKit
  - SwiftLint

SPEC REPOS:
  trunk:
    - Alamofire
    - DBDebugToolkit
    - Kingfisher
    - R.swift
    - R.swift.Library
    - SVProgressHUD
    - SwiftEntryKit
    - SwiftLint

SPEC CHECKSUMS:
  Alamofire: d368e1ff8a298e6dde360e35a3e68e6c610e7204
  DBDebugToolkit: 41663a36673c919dfe665003f159ea5621aee0db
  Kingfisher: eb36b7dfcc78d60877051c92c119a2865972961a
  R.swift: ec98ff71c4ab2f6fd01dd077e5afd15e63a4834c
  R.swift.Library: 0fc583cb55a99e28901299cc451614cad1161962
  SVProgressHUD: 1428aafac632c1f86f62aa4243ec12008d7a51d6
  SwiftEntryKit: 61b5fa36f34a97dd8013e48a7345bc4c4720be9a
  SwiftLint: c078a14d7d7ade75e5507795d185e3da41d844d2

PODFILE CHECKSUM: 1cc271e4968252fdb69a4e44aad28afdad2038c3

COCOAPODS: 1.11.2
