PODS:
  - Alamofire (5.0.0-rc.3)
  - Kingfisher (5.10.1):
    - Kingfisher/Core (= 5.10.1)
  - Kingfisher/Core (5.10.1)
  - SVProgressHUD (2.2.5)
  - SwiftLint (0.37.0)

DEPENDENCIES:
  - Alamofire (~> 5.0.0-rc.3)
  - Kingfisher
  - SVProgressHUD (~> 2.2)
  - SwiftLint

SPEC REPOS:
  trunk:
    - Alamofire
    - Kingfisher
    - SVProgressHUD
    - SwiftLint

SPEC CHECKSUMS:
  Alamofire: ca8c0de6906873be89d6deec5c8de279e00bf872
  Kingfisher: eb36b7dfcc78d60877051c92c119a2865972961a
  SVProgressHUD: 1428aafac632c1f86f62aa4243ec12008d7a51d6
  SwiftLint: c078a14d7d7ade75e5507795d185e3da41d844d2

PODFILE CHECKSUM: b1eea794656a274181d40cbda2276107f18b2f06

COCOAPODS: 1.9.1
